
Microsoft Visual Studio Solution File, Format Version 12.00
# Visual Studio 15
VisualStudioVersion = 15.0.27428.1
MinimumVisualStudioVersion = 10.0.40219.1
Project("{FAE04EC0-301F-11D3-BF4B-00C04F79EFBC}") = "Luna.Service.App", "src\Luna.Service.App\Luna.Service.App.csproj", "{A149469A-B16D-4573-9D53-EE6187B1132B}"
EndProject
Project("{FAE04EC0-301F-11D3-BF4B-00C04F79EFBC}") = "Luna.Service.Core", "src\Luna.Service.Core\Luna.Service.Core.csproj", "{59427009-883F-4E80-813C-5A1058810279}"
EndProject
Project("{FAE04EC0-301F-11D3-BF4B-00C04F79EFBC}") = "Luna.Service.Demo", "src\Luna.Service.Demo\Luna.Service.Demo.csproj", "{F6EFDA82-136D-4327-BE9C-B4F6C6628878}"
EndProject
Project("{2150E333-8FDC-42A3-9474-1A3956D46DE8}") = "Core", "Core", "{7644DAEA-1971-4AA1-AC1A-9EFDE6115670}"
EndProject
Project("{2150E333-8FDC-42A3-9474-1A3956D46DE8}") = "Demo", "Demo", "{95E88E9E-A9DB-4711-BE7F-BC59399AFFE4}"
EndProject
Project("{2150E333-8FDC-42A3-9474-1A3956D46DE8}") = "Tests", "Tests", "{F24678B6-21E0-400F-AD5A-C63D88D7EAEE}"
EndProject
Global
	GlobalSection(SolutionConfigurationPlatforms) = preSolution
		Debug|Any CPU = Debug|Any CPU
		Release|Any CPU = Release|Any CPU
	EndGlobalSection
	GlobalSection(ProjectConfigurationPlatforms) = postSolution
		{A149469A-B16D-4573-9D53-EE6187B1132B}.Debug|Any CPU.ActiveCfg = Debug|Any CPU
		{A149469A-B16D-4573-9D53-EE6187B1132B}.Debug|Any CPU.Build.0 = Debug|Any CPU
		{A149469A-B16D-4573-9D53-EE6187B1132B}.Release|Any CPU.ActiveCfg = Release|Any CPU
		{A149469A-B16D-4573-9D53-EE6187B1132B}.Release|Any CPU.Build.0 = Release|Any CPU
		{59427009-883F-4E80-813C-5A1058810279}.Debug|Any CPU.ActiveCfg = Debug|Any CPU
		{59427009-883F-4E80-813C-5A1058810279}.Debug|Any CPU.Build.0 = Debug|Any CPU
		{59427009-883F-4E80-813C-5A1058810279}.Release|Any CPU.ActiveCfg = Release|Any CPU
		{59427009-883F-4E80-813C-5A1058810279}.Release|Any CPU.Build.0 = Release|Any CPU
		{F6EFDA82-136D-4327-BE9C-B4F6C6628878}.Debug|Any CPU.ActiveCfg = Debug|Any CPU
		{F6EFDA82-136D-4327-BE9C-B4F6C6628878}.Debug|Any CPU.Build.0 = Debug|Any CPU
		{F6EFDA82-136D-4327-BE9C-B4F6C6628878}.Release|Any CPU.ActiveCfg = Release|Any CPU
		{F6EFDA82-136D-4327-BE9C-B4F6C6628878}.Release|Any CPU.Build.0 = Release|Any CPU
	EndGlobalSection
	GlobalSection(SolutionProperties) = preSolution
		HideSolutionNode = FALSE
	EndGlobalSection
	GlobalSection(NestedProjects) = preSolution
		{A149469A-B16D-4573-9D53-EE6187B1132B} = {95E88E9E-A9DB-4711-BE7F-BC59399AFFE4}
		{59427009-883F-4E80-813C-5A1058810279} = {7644DAEA-1971-4AA1-AC1A-9EFDE6115670}
		{F6EFDA82-136D-4327-BE9C-B4F6C6628878} = {95E88E9E-A9DB-4711-BE7F-BC59399AFFE4}
	EndGlobalSection
	GlobalSection(ExtensibilityGlobals) = postSolution
		SolutionGuid = {61F15317-2B6B-4E90-B201-733F66744488}
	EndGlobalSection
EndGlobal
